{
  "name": "miniprogram-ts-quickstart",
  "version": "1.0.0",
  "lockfileVersion": 2,
  "requires": true,
  "packages": {
    "": {
      "name": "miniprogram-ts-quickstart",
      "version": "1.0.0",
      "dependencies": {
        "camelcase-keys": "^6.2.2",
        "protobufjs": "^6.10.1"
      },
      "devDependencies": {
        "@types/camelcase-keys": "^5.1.1",
        "miniprogram-api-typings": "3.5",
        "typescript": "^3.3.3333"
      }
    },
    "node_modules/@protobufjs/aspromise": {
      "version": "1.1.2",
      "resolved": "https://registry.npm.taobao.org/@protobufjs/aspromise/download/@protobufjs/aspromise-1.1.2.tgz",
      "integrity": "sha1-m4sMxmPWaafY9vXQiToU00jzD78="
    },
    "node_modules/@protobufjs/base64": {
      "version": "1.1.2",
      "resolved": "https://registry.npm.taobao.org/@protobufjs/base64/download/@protobufjs/base64-1.1.2.tgz",
      "integrity": "sha1-TIVzDlm5ofHzSQR9vyQpYDS7JzU="
    },
    "node_modules/@protobufjs/codegen": {
      "version": "2.0.4",
      "resolved": "https://registry.npm.taobao.org/@protobufjs/codegen/download/@protobufjs/codegen-2.0.4.tgz",
      "integrity": "sha1-fvN/DQEPsCitGtWXIuUG2SYoFcs="
    },
    "node_modules/@protobufjs/eventemitter": {
      "version": "1.1.0",
      "resolved": "https://registry.npm.taobao.org/@protobufjs/eventemitter/download/@protobufjs/eventemitter-1.1.0.tgz",
      "integrity": "sha1-NVy8mLr61ZePntCV85diHx0Ga3A="
    },
    "node_modules/@protobufjs/fetch": {
      "version": "1.1.0",
      "resolved": "https://registry.npm.taobao.org/@protobufjs/fetch/download/@protobufjs/fetch-1.1.0.tgz",
      "integrity": "sha1-upn7WYYUr2VwDBYZ/wbUVLDYTEU=",
      "dependencies": {
        "@protobufjs/aspromise": "^1.1.1",
        "@protobufjs/inquire": "^1.1.0"
      }
    },
    "node_modules/@protobufjs/float": {
      "version": "1.0.2",
      "resolved": "https://registry.npm.taobao.org/@protobufjs/float/download/@protobufjs/float-1.0.2.tgz",
      "integrity": "sha1-Xp4avctz/Ap8uLKR33jIy9l7h9E="
    },
    "node_modules/@protobufjs/inquire": {
      "version": "1.1.0",
      "resolved": "https://registry.npm.taobao.org/@protobufjs/inquire/download/@protobufjs/inquire-1.1.0.tgz",
      "integrity": "sha1-/yAOPnzyQp4tyvwRQIKOjMY48Ik="
    },
    "node_modules/@protobufjs/path": {
      "version": "1.1.2",
      "resolved": "https://registry.npm.taobao.org/@protobufjs/path/download/@protobufjs/path-1.1.2.tgz",
      "integrity": "sha1-bMKyDFya1q0NzP0hynZz2Nf79o0="
    },
    "node_modules/@protobufjs/pool": {
      "version": "1.1.0",
      "resolved": "https://registry.npm.taobao.org/@protobufjs/pool/download/@protobufjs/pool-1.1.0.tgz",
      "integrity": "sha1-Cf0V8tbTq/qbZbw2ZQbWrXhG/1Q="
    },
    "node_modules/@protobufjs/utf8": {
      "version": "1.1.0",
      "resolved": "https://registry.npm.taobao.org/@protobufjs/utf8/download/@protobufjs/utf8-1.1.0.tgz",
      "integrity": "sha1-p3c2C1s5oaLlEG+OhY8v0tBgxXA="
    },
    "node_modules/@types/camelcase-keys": {
      "version": "5.1.1",
      "resolved": "https://registry.npmmirror.com/@types/camelcase-keys/-/camelcase-keys-5.1.1.tgz",
      "integrity": "sha512-Nlr/xdCry/Zbr5Q3jaDazCHf0FfeETVVaDVXUszP8DUUvVfkc/kt7Mab8TaNkKS6s7AE8qNFqjYLL9Y8zKA0Bg==",
      "deprecated": "This is a stub types definition. camelcase-keys provides its own type definitions, so you do not need this installed.",
      "dev": true,
      "dependencies": {
        "camelcase-keys": "*"
      }
    },
    "node_modules/@types/long": {
      "version": "4.0.1",
      "resolved": "https://registry.npm.taobao.org/@types/long/download/@types/long-4.0.1.tgz",
      "integrity": "sha1-RZxl+hhn2v5qjzIsTFFpVmPMVek="
    },
    "node_modules/@types/node": {
      "version": "13.13.21",
      "resolved": "https://registry.npm.taobao.org/@types/node/download/@types/node-13.13.21.tgz?cache=0&sync_timestamp=1600732809777&other_urls=https%3A%2F%2Fregistry.npm.taobao.org%2F%40types%2Fnode%2Fdownload%2F%40types%2Fnode-13.13.21.tgz",
      "integrity": "sha1-5I08LiZiU0Bc9ATIZU0bzw0zPlw="
    },
    "node_modules/camelcase": {
      "version": "5.3.1",
      "resolved": "https://registry.npm.taobao.org/camelcase/download/camelcase-5.3.1.tgz",
      "integrity": "sha1-48mzFWnhBoEd8kL3FXJaH0xJQyA=",
      "engines": {
        "node": ">=6"
      }
    },
    "node_modules/camelcase-keys": {
      "version": "6.2.2",
      "resolved": "https://registry.npm.taobao.org/camelcase-keys/download/camelcase-keys-6.2.2.tgz",
      "integrity": "sha1-XnVda6UaoiPsfT1S8ld4IQ+dw8A=",
      "dependencies": {
        "camelcase": "^5.3.1",
        "map-obj": "^4.0.0",
        "quick-lru": "^4.0.1"
      },
      "engines": {
        "node": ">=8"
      }
    },
    "node_modules/long": {
      "version": "4.0.0",
      "resolved": "https://registry.npm.taobao.org/long/download/long-4.0.0.tgz",
      "integrity": "sha1-mntxz7fTYaGU6lVSQckvdGjVvyg="
    },
    "node_modules/map-obj": {
      "version": "4.1.0",
      "resolved": "https://registry.npm.taobao.org/map-obj/download/map-obj-4.1.0.tgz",
      "integrity": "sha1-uRIhtUJzS58UJWwBMsiXxdclb9U=",
      "engines": {
        "node": ">=8"
      }
    },
    "node_modules/miniprogram-api-typings": {
      "version": "3.5.0",
      "resolved": "https://registry.npmmirror.com/miniprogram-api-typings/-/miniprogram-api-typings-3.5.0.tgz",
      "integrity": "sha512-cS/uXJTMGKujwoaeEFFFKqpCf7qp3R7iuQZWagZAwhKA3Z7U/xlhOcI3i1wqN+uo4YODg3AG1j2zCe1PDa9Wtg==",
      "dev": true
    },
    "node_modules/protobufjs": {
      "version": "6.10.1",
      "resolved": "https://registry.npm.taobao.org/protobufjs/download/protobufjs-6.10.1.tgz",
      "integrity": "sha1-5qSE3Y8EspYp6QUzROOXDMzxPNI=",
      "hasInstallScript": true,
      "dependencies": {
        "@protobufjs/aspromise": "^1.1.2",
        "@protobufjs/base64": "^1.1.2",
        "@protobufjs/codegen": "^2.0.4",
        "@protobufjs/eventemitter": "^1.1.0",
        "@protobufjs/fetch": "^1.1.0",
        "@protobufjs/float": "^1.0.2",
        "@protobufjs/inquire": "^1.1.0",
        "@protobufjs/path": "^1.1.2",
        "@protobufjs/pool": "^1.1.0",
        "@protobufjs/utf8": "^1.1.0",
        "@types/long": "^4.0.1",
        "@types/node": "^13.7.0",
        "long": "^4.0.0"
      },
      "bin": {
        "pbjs": "bin/pbjs",
        "pbts": "bin/pbts"
      }
    },
    "node_modules/quick-lru": {
      "version": "4.0.1",
      "resolved": "https://registry.npm.taobao.org/quick-lru/download/quick-lru-4.0.1.tgz",
      "integrity": "sha1-W4h48ROlgheEjGSCAmxz4bpXcn8=",
      "engines": {
        "node": ">=8"
      }
    },
    "node_modules/typescript": {
      "version": "3.9.7",
      "resolved": "https://registry.npm.taobao.org/typescript/download/typescript-3.9.7.tgz?cache=0&sync_timestamp=1601795930282&other_urls=https%3A%2F%2Fregistry.npm.taobao.org%2Ftypescript%2Fdownload%2Ftypescript-3.9.7.tgz",
      "integrity": "sha1-mNYApevcOPQMsndSLxLcgA6eJfo=",
      "dev": true,
      "bin": {
        "tsc": "bin/tsc",
        "tsserver": "bin/tsserver"
      },
      "engines": {
        "node": ">=4.2.0"
      }
    }
  },
  "dependencies": {
    "@protobufjs/aspromise": {
      "version": "1.1.2",
      "resolved": "https://registry.npm.taobao.org/@protobufjs/aspromise/download/@protobufjs/aspromise-1.1.2.tgz",
      "integrity": "sha1-m4sMxmPWaafY9vXQiToU00jzD78="
    },
    "@protobufjs/base64": {
      "version": "1.1.2",
      "resolved": "https://registry.npm.taobao.org/@protobufjs/base64/download/@protobufjs/base64-1.1.2.tgz",
      "integrity": "sha1-TIVzDlm5ofHzSQR9vyQpYDS7JzU="
    },
    "@protobufjs/codegen": {
      "version": "2.0.4",
      "resolved": "https://registry.npm.taobao.org/@protobufjs/codegen/download/@protobufjs/codegen-2.0.4.tgz",
      "integrity": "sha1-fvN/DQEPsCitGtWXIuUG2SYoFcs="
    },
    "@protobufjs/eventemitter": {
      "version": "1.1.0",
      "resolved": "https://registry.npm.taobao.org/@protobufjs/eventemitter/download/@protobufjs/eventemitter-1.1.0.tgz",
      "integrity": "sha1-NVy8mLr61ZePntCV85diHx0Ga3A="
    },
    "@protobufjs/fetch": {
      "version": "1.1.0",
      "resolved": "https://registry.npm.taobao.org/@protobufjs/fetch/download/@protobufjs/fetch-1.1.0.tgz",
      "integrity": "sha1-upn7WYYUr2VwDBYZ/wbUVLDYTEU=",
      "requires": {
        "@protobufjs/aspromise": "^1.1.1",
        "@protobufjs/inquire": "^1.1.0"
      }
    },
    "@protobufjs/float": {
      "version": "1.0.2",
      "resolved": "https://registry.npm.taobao.org/@protobufjs/float/download/@protobufjs/float-1.0.2.tgz",
      "integrity": "sha1-Xp4avctz/Ap8uLKR33jIy9l7h9E="
    },
    "@protobufjs/inquire": {
      "version": "1.1.0",
      "resolved": "https://registry.npm.taobao.org/@protobufjs/inquire/download/@protobufjs/inquire-1.1.0.tgz",
      "integrity": "sha1-/yAOPnzyQp4tyvwRQIKOjMY48Ik="
    },
    "@protobufjs/path": {
      "version": "1.1.2",
      "resolved": "https://registry.npm.taobao.org/@protobufjs/path/download/@protobufjs/path-1.1.2.tgz",
      "integrity": "sha1-bMKyDFya1q0NzP0hynZz2Nf79o0="
    },
    "@protobufjs/pool": {
      "version": "1.1.0",
      "resolved": "https://registry.npm.taobao.org/@protobufjs/pool/download/@protobufjs/pool-1.1.0.tgz",
      "integrity": "sha1-Cf0V8tbTq/qbZbw2ZQbWrXhG/1Q="
    },
    "@protobufjs/utf8": {
      "version": "1.1.0",
      "resolved": "https://registry.npm.taobao.org/@protobufjs/utf8/download/@protobufjs/utf8-1.1.0.tgz",
      "integrity": "sha1-p3c2C1s5oaLlEG+OhY8v0tBgxXA="
    },
    "@types/camelcase-keys": {
      "version": "5.1.1",
      "resolved": "https://registry.npmmirror.com/@types/camelcase-keys/-/camelcase-keys-5.1.1.tgz",
      "integrity": "sha512-Nlr/xdCry/Zbr5Q3jaDazCHf0FfeETVVaDVXUszP8DUUvVfkc/kt7Mab8TaNkKS6s7AE8qNFqjYLL9Y8zKA0Bg==",
      "dev": true,
      "requires": {
        "camelcase-keys": "*"
      }
    },
    "@types/long": {
      "version": "4.0.1",
      "resolved": "https://registry.npm.taobao.org/@types/long/download/@types/long-4.0.1.tgz",
      "integrity": "sha1-RZxl+hhn2v5qjzIsTFFpVmPMVek="
    },
    "@types/node": {
      "version": "13.13.21",
      "resolved": "https://registry.npm.taobao.org/@types/node/download/@types/node-13.13.21.tgz?cache=0&sync_timestamp=1600732809777&other_urls=https%3A%2F%2Fregistry.npm.taobao.org%2F%40types%2Fnode%2Fdownload%2F%40types%2Fnode-13.13.21.tgz",
      "integrity": "sha1-5I08LiZiU0Bc9ATIZU0bzw0zPlw="
    },
    "camelcase": {
      "version": "5.3.1",
      "resolved": "https://registry.npm.taobao.org/camelcase/download/camelcase-5.3.1.tgz",
      "integrity": "sha1-48mzFWnhBoEd8kL3FXJaH0xJQyA="
    },
    "camelcase-keys": {
      "version": "6.2.2",
      "resolved": "https://registry.npm.taobao.org/camelcase-keys/download/camelcase-keys-6.2.2.tgz",
      "integrity": "sha1-XnVda6UaoiPsfT1S8ld4IQ+dw8A=",
      "requires": {
        "camelcase": "^5.3.1",
        "map-obj": "^4.0.0",
        "quick-lru": "^4.0.1"
      }
    },
    "long": {
      "version": "4.0.0",
      "resolved": "https://registry.npm.taobao.org/long/download/long-4.0.0.tgz",
      "integrity": "sha1-mntxz7fTYaGU6lVSQckvdGjVvyg="
    },
    "map-obj": {
      "version": "4.1.0",
      "resolved": "https://registry.npm.taobao.org/map-obj/download/map-obj-4.1.0.tgz",
      "integrity": "sha1-uRIhtUJzS58UJWwBMsiXxdclb9U="
    },
    "miniprogram-api-typings": {
      "version": "3.5.0",
      "resolved": "https://registry.npmmirror.com/miniprogram-api-typings/-/miniprogram-api-typings-3.5.0.tgz",
      "integrity": "sha512-cS/uXJTMGKujwoaeEFFFKqpCf7qp3R7iuQZWagZAwhKA3Z7U/xlhOcI3i1wqN+uo4YODg3AG1j2zCe1PDa9Wtg==",
      "dev": true
    },
    "protobufjs": {
      "version": "6.10.1",
      "resolved": "https://registry.npm.taobao.org/protobufjs/download/protobufjs-6.10.1.tgz",
      "integrity": "sha1-5qSE3Y8EspYp6QUzROOXDMzxPNI=",
      "requires": {
        "@protobufjs/aspromise": "^1.1.2",
        "@protobufjs/base64": "^1.1.2",
        "@protobufjs/codegen": "^2.0.4",
        "@protobufjs/eventemitter": "^1.1.0",
        "@protobufjs/fetch": "^1.1.0",
        "@protobufjs/float": "^1.0.2",
        "@protobufjs/inquire": "^1.1.0",
        "@protobufjs/path": "^1.1.2",
        "@protobufjs/pool": "^1.1.0",
        "@protobufjs/utf8": "^1.1.0",
        "@types/long": "^4.0.1",
        "@types/node": "^13.7.0",
        "long": "^4.0.0"
      }
    },
    "quick-lru": {
      "version": "4.0.1",
      "resolved": "https://registry.npm.taobao.org/quick-lru/download/quick-lru-4.0.1.tgz",
      "integrity": "sha1-W4h48ROlgheEjGSCAmxz4bpXcn8="
    },
    "typescript": {
      "version": "3.9.7",
      "resolved": "https://registry.npm.taobao.org/typescript/download/typescript-3.9.7.tgz?cache=0&sync_timestamp=1601795930282&other_urls=https%3A%2F%2Fregistry.npm.taobao.org%2Ftypescript%2Fdownload%2Ftypescript-3.9.7.tgz",
      "integrity": "sha1-mNYApevcOPQMsndSLxLcgA6eJfo=",
      "dev": true
    }
  }
}
